
Microsoft Visual Studio Solution File, Format Version 12.00
# Visual Studio 15
VisualStudioVersion = 15.0.27428.1
MinimumVisualStudioVersion = 10.0.40219.1
Project("{FAE04EC0-301F-11D3-BF4B-00C04F79EFBC}") = "androidtest", "androidtest\androidtest.csproj", "{35206019-66B2-4036-9B79-23EE9FAC4739}"
EndProject
Global
	GlobalSection(SolutionConfigurationPlatforms) = preSolution
		Debug|Any CPU = Debug|Any CPU
		Release|Any CPU = Release|Any CPU
	EndGlobalSection
	GlobalSection(ProjectConfigurationPlatforms) = postSolution
		{35206019-66B2-4036-9B79-23EE9FAC4739}.Debug|Any CPU.ActiveCfg = Debug|Any CPU
		{35206019-66B2-4036-9B79-23EE9FAC4739}.Debug|Any CPU.Build.0 = Debug|Any CPU
		{35206019-66B2-4036-9B79-23EE9FAC4739}.Debug|Any CPU.Deploy.0 = Debug|Any CPU
		{35206019-66B2-4036-9B79-23EE9FAC4739}.Release|Any CPU.ActiveCfg = Release|Any CPU
		{35206019-66B2-4036-9B79-23EE9FAC4739}.Release|Any CPU.Build.0 = Release|Any CPU
		{35206019-66B2-4036-9B79-23EE9FAC4739}.Release|Any CPU.Deploy.0 = Release|Any CPU
	EndGlobalSection
	GlobalSection(SolutionProperties) = preSolution
		HideSolutionNode = FALSE
	EndGlobalSection
	GlobalSection(ExtensibilityGlobals) = postSolution
		SolutionGuid = {4AB8E052-AEAF-420F-B0BD-0FE0CF5E7788}
	EndGlobalSection
EndGlobal
